// !$*UTF8*$!
{
	archiveVersion = 1;
	classes = {
	};
	objectVersion = 55;
	objects = {

/* Begin PBXBuildFile section */
		6300FC1A28640A5B00FEB46F /* CoinDetail.swift in Sources */ = {isa = PBXBuildFile; fileRef = 6300FC1928640A5B00FEB46F /* CoinDetail.swift */; };
		6300FC1C28640A9700FEB46F /* String+Extension.swift in Sources */ = {isa = PBXBuildFile; fileRef = 6300FC1B28640A9700FEB46F /* String+Extension.swift */; };
		6300FC1E28640B2900FEB46F /* DetailViewModel.swift in Sources */ = {isa = PBXBuildFile; fileRef = 6300FC1D28640B2900FEB46F /* DetailViewModel.swift */; };
		6300FC2028640B6000FEB46F /* CoinDetailDataService.swift in Sources */ = {isa = PBXBuildFile; fileRef = 6300FC1F28640B6000FEB46F /* CoinDetailDataService.swift */; };
		6303CD3E2853E2000028BFB0 /* Statistic.swift in Sources */ = {isa = PBXBuildFile; fileRef = 6303CD3D2853E2000028BFB0 /* Statistic.swift */; };
		6303CD402853E2DB0028BFB0 /* StatisticView.swift in Sources */ = {isa = PBXBuildFile; fileRef = 6303CD3F2853E2DB0028BFB0 /* StatisticView.swift */; };
		6303CD422853EA6A0028BFB0 /* HomeStatisticsView.swift in Sources */ = {isa = PBXBuildFile; fileRef = 6303CD412853EA6A0028BFB0 /* HomeStatisticsView.swift */; };
		630A93A42851494700545D03 /* NetworkManager.swift in Sources */ = {isa = PBXBuildFile; fileRef = 630A93A32851494700545D03 /* NetworkManager.swift */; };
		630A93A728516DE300545D03 /* CoinImageView.swift in Sources */ = {isa = PBXBuildFile; fileRef = 630A93A628516DE300545D03 /* CoinImageView.swift */; };
		630A93A928516F7C00545D03 /* ImageService.swift in Sources */ = {isa = PBXBuildFile; fileRef = 630A93A828516F7C00545D03 /* ImageService.swift */; };
		630A93AB2851714100545D03 /* CoinImageViewModel.swift in Sources */ = {isa = PBXBuildFile; fileRef = 630A93AA2851714100545D03 /* CoinImageViewModel.swift */; };
		630A93AE28517C4B00545D03 /* LocalFileManager.swift in Sources */ = {isa = PBXBuildFile; fileRef = 630A93AD28517C4B00545D03 /* LocalFileManager.swift */; };
		631408FD285942FD00CDA0FE /* XMarkButton.swift in Sources */ = {isa = PBXBuildFile; fileRef = 631408FC285942FD00CDA0FE /* XMarkButton.swift */; };
		631408FF28594AF100CDA0FE /* CoinLogoView.swift in Sources */ = {isa = PBXBuildFile; fileRef = 631408FE28594AF100CDA0FE /* CoinLogoView.swift */; };
		631409042859AEC000CDA0FE /* PortofolioContainer.xcdatamodeld in Sources */ = {isa = PBXBuildFile; fileRef = 631409022859AEC000CDA0FE /* PortofolioContainer.xcdatamodeld */; };
		631409062859AF5700CDA0FE /* PortofolioDataService.swift in Sources */ = {isa = PBXBuildFile; fileRef = 631409052859AF5700CDA0FE /* PortofolioDataService.swift */; };
		6331A2472848207100843475 /* HomeView.swift in Sources */ = {isa = PBXBuildFile; fileRef = 6331A2462848207100843475 /* HomeView.swift */; };
		6331A24B284821DC00843475 /* CircleButtonView.swift in Sources */ = {isa = PBXBuildFile; fileRef = 6331A24A284821DC00843475 /* CircleButtonView.swift */; };
		6331A24D284826FD00843475 /* CircleButtonAnimationView.swift in Sources */ = {isa = PBXBuildFile; fileRef = 6331A24C284826FD00843475 /* CircleButtonAnimationView.swift */; };
		6331A2502848921B00843475 /* Coin.swift in Sources */ = {isa = PBXBuildFile; fileRef = 6331A24F2848921B00843475 /* Coin.swift */; };
		6331A2522849585100843475 /* CoinRowView.swift in Sources */ = {isa = PBXBuildFile; fileRef = 6331A2512849585100843475 /* CoinRowView.swift */; };
		6331A254284958AF00843475 /* PreviewProvider+Extension.swift in Sources */ = {isa = PBXBuildFile; fileRef = 6331A253284958AF00843475 /* PreviewProvider+Extension.swift */; };
		6331A25628496D3E00843475 /* Double+Extension.swift in Sources */ = {isa = PBXBuildFile; fileRef = 6331A25528496D3E00843475 /* Double+Extension.swift */; };
		6331A2582849A56000843475 /* View+Extension.swift in Sources */ = {isa = PBXBuildFile; fileRef = 6331A2572849A56000843475 /* View+Extension.swift */; };
		6331A25A2849D01A00843475 /* HomeViewModel.swift in Sources */ = {isa = PBXBuildFile; fileRef = 6331A2592849D01A00843475 /* HomeViewModel.swift */; };
		6331A25D2849E2A100843475 /* CoinDataService.swift in Sources */ = {isa = PBXBuildFile; fileRef = 6331A25C2849E2A100843475 /* CoinDataService.swift */; };
		63361D592862DC9D007F33BC /* DetailView.swift in Sources */ = {isa = PBXBuildFile; fileRef = 63361D582862DC9D007F33BC /* DetailView.swift */; };
		639F4140285C06A500FCA31F /* HapticManager.swift in Sources */ = {isa = PBXBuildFile; fileRef = 639F413F285C06A500FCA31F /* HapticManager.swift */; };
		63D56399285811F1008907C2 /* MarketData.swift in Sources */ = {isa = PBXBuildFile; fileRef = 63D56398285811F1008907C2 /* MarketData.swift */; };
		63D5639B28581407008907C2 /* MarketDataService.swift in Sources */ = {isa = PBXBuildFile; fileRef = 63D5639A28581407008907C2 /* MarketDataService.swift */; };
		63D5639D28585979008907C2 /* PortofolioView.swift in Sources */ = {isa = PBXBuildFile; fileRef = 63D5639C28585979008907C2 /* PortofolioView.swift */; };
		63DBC94A2852B35800D1A769 /* SearchBarView.swift in Sources */ = {isa = PBXBuildFile; fileRef = 63DBC9492852B35800D1A769 /* SearchBarView.swift */; };
		63F0C69728458905009D398F /* CriptoAppApp.swift in Sources */ = {isa = PBXBuildFile; fileRef = 63F0C68728458903009D398F /* CriptoAppApp.swift */; };
		63F0C6CC28458C23009D398F /* Assets.xcassets in Resources */ = {isa = PBXBuildFile; fileRef = 63F0C6CB28458C23009D398F /* Assets.xcassets */; };
		63F0C6CF28458CF2009D398F /* Color+Extension.swift in Sources */ = {isa = PBXBuildFile; fileRef = 63F0C6CE28458CF2009D398F /* Color+Extension.swift */; };
		63F30A5A2852B7C800EF3DC1 /* UIApplication.swift in Sources */ = {isa = PBXBuildFile; fileRef = 63F30A592852B7C800EF3DC1 /* UIApplication.swift */; };
/* End PBXBuildFile section */

/* Begin PBXFileReference section */
		6300FC1928640A5B00FEB46F /* CoinDetail.swift */ = {isa = PBXFileReference; fileEncoding = 4; lastKnownFileType = sourcecode.swift; path = CoinDetail.swift; sourceTree = "<group>"; };
		6300FC1B28640A9700FEB46F /* String+Extension.swift */ = {isa = PBXFileReference; fileEncoding = 4; lastKnownFileType = sourcecode.swift; path = "String+Extension.swift"; sourceTree = "<group>"; };
		6300FC1D28640B2900FEB46F /* DetailViewModel.swift */ = {isa = PBXFileReference; lastKnownFileType = sourcecode.swift; path = DetailViewModel.swift; sourceTree = "<group>"; };
		6300FC1F28640B6000FEB46F /* CoinDetailDataService.swift */ = {isa = PBXFileReference; lastKnownFileType = sourcecode.swift; path = CoinDetailDataService.swift; sourceTree = "<group>"; };
		6303CD3D2853E2000028BFB0 /* Statistic.swift */ = {isa = PBXFileReference; lastKnownFileType = sourcecode.swift; path = Statistic.swift; sourceTree = "<group>"; };
		6303CD3F2853E2DB0028BFB0 /* StatisticView.swift */ = {isa = PBXFileReference; lastKnownFileType = sourcecode.swift; path = StatisticView.swift; sourceTree = "<group>"; };
		6303CD412853EA6A0028BFB0 /* HomeStatisticsView.swift */ = {isa = PBXFileReference; lastKnownFileType = sourcecode.swift; path = HomeStatisticsView.swift; sourceTree = "<group>"; };
		630A93A32851494700545D03 /* NetworkManager.swift */ = {isa = PBXFileReference; lastKnownFileType = sourcecode.swift; path = NetworkManager.swift; sourceTree = "<group>"; };
		630A93A628516DE300545D03 /* CoinImageView.swift */ = {isa = PBXFileReference; lastKnownFileType = sourcecode.swift; path = CoinImageView.swift; sourceTree = "<group>"; };
		630A93A828516F7C00545D03 /* ImageService.swift */ = {isa = PBXFileReference; lastKnownFileType = sourcecode.swift; path = ImageService.swift; sourceTree = "<group>"; };
		630A93AA2851714100545D03 /* CoinImageViewModel.swift */ = {isa = PBXFileReference; lastKnownFileType = sourcecode.swift; path = CoinImageViewModel.swift; sourceTree = "<group>"; };
		630A93AD28517C4B00545D03 /* LocalFileManager.swift */ = {isa = PBXFileReference; lastKnownFileType = sourcecode.swift; path = LocalFileManager.swift; sourceTree = "<group>"; };
		631408FC285942FD00CDA0FE /* XMarkButton.swift */ = {isa = PBXFileReference; lastKnownFileType = sourcecode.swift; path = XMarkButton.swift; sourceTree = "<group>"; };
		631408FE28594AF100CDA0FE /* CoinLogoView.swift */ = {isa = PBXFileReference; lastKnownFileType = sourcecode.swift; path = CoinLogoView.swift; sourceTree = "<group>"; };
		631409032859AEC000CDA0FE /* PortofolioContainer.xcdatamodel */ = {isa = PBXFileReference; lastKnownFileType = wrapper.xcdatamodel; path = PortofolioContainer.xcdatamodel; sourceTree = "<group>"; };
		631409052859AF5700CDA0FE /* PortofolioDataService.swift */ = {isa = PBXFileReference; lastKnownFileType = sourcecode.swift; path = PortofolioDataService.swift; sourceTree = "<group>"; };
		6331A2462848207100843475 /* HomeView.swift */ = {isa = PBXFileReference; lastKnownFileType = sourcecode.swift; path = HomeView.swift; sourceTree = "<group>"; };
		6331A24A284821DC00843475 /* CircleButtonView.swift */ = {isa = PBXFileReference; lastKnownFileType = sourcecode.swift; path = CircleButtonView.swift; sourceTree = "<group>"; };
		6331A24C284826FD00843475 /* CircleButtonAnimationView.swift */ = {isa = PBXFileReference; lastKnownFileType = sourcecode.swift; path = CircleButtonAnimationView.swift; sourceTree = "<group>"; };
		6331A24F2848921B00843475 /* Coin.swift */ = {isa = PBXFileReference; lastKnownFileType = sourcecode.swift; path = Coin.swift; sourceTree = "<group>"; };
		6331A2512849585100843475 /* CoinRowView.swift */ = {isa = PBXFileReference; lastKnownFileType = sourcecode.swift; path = CoinRowView.swift; sourceTree = "<group>"; };
		6331A253284958AF00843475 /* PreviewProvider+Extension.swift */ = {isa = PBXFileReference; lastKnownFileType = sourcecode.swift; path = "PreviewProvider+Extension.swift"; sourceTree = "<group>"; };
		6331A25528496D3E00843475 /* Double+Extension.swift */ = {isa = PBXFileReference; lastKnownFileType = sourcecode.swift; path = "Double+Extension.swift"; sourceTree = "<group>"; };
		6331A2572849A56000843475 /* View+Extension.swift */ = {isa = PBXFileReference; fileEncoding = 4; lastKnownFileType = sourcecode.swift; path = "View+Extension.swift"; sourceTree = "<group>"; };
		6331A2592849D01A00843475 /* HomeViewModel.swift */ = {isa = PBXFileReference; lastKnownFileType = sourcecode.swift; path = HomeViewModel.swift; sourceTree = "<group>"; };
		6331A25C2849E2A100843475 /* CoinDataService.swift */ = {isa = PBXFileReference; lastKnownFileType = sourcecode.swift; path = CoinDataService.swift; sourceTree = "<group>"; };
		63361D582862DC9D007F33BC /* DetailView.swift */ = {isa = PBXFileReference; lastKnownFileType = sourcecode.swift; path = DetailView.swift; sourceTree = "<group>"; };
		639F413F285C06A500FCA31F /* HapticManager.swift */ = {isa = PBXFileReference; lastKnownFileType = sourcecode.swift; path = HapticManager.swift; sourceTree = "<group>"; };
		63D56398285811F1008907C2 /* MarketData.swift */ = {isa = PBXFileReference; lastKnownFileType = sourcecode.swift; path = MarketData.swift; sourceTree = "<group>"; };
		63D5639A28581407008907C2 /* MarketDataService.swift */ = {isa = PBXFileReference; lastKnownFileType = sourcecode.swift; path = MarketDataService.swift; sourceTree = "<group>"; };
		63D5639C28585979008907C2 /* PortofolioView.swift */ = {isa = PBXFileReference; lastKnownFileType = sourcecode.swift; path = PortofolioView.swift; sourceTree = "<group>"; };
		63DBC9492852B35800D1A769 /* SearchBarView.swift */ = {isa = PBXFileReference; lastKnownFileType = sourcecode.swift; path = SearchBarView.swift; sourceTree = "<group>"; };
		63F0C68728458903009D398F /* CriptoAppApp.swift */ = {isa = PBXFileReference; lastKnownFileType = sourcecode.swift; path = CriptoAppApp.swift; sourceTree = "<group>"; };
		63F0C68E28458905009D398F /* Cripto Tracker.app */ = {isa = PBXFileReference; explicitFileType = wrapper.application; includeInIndex = 0; path = "Cripto Tracker.app"; sourceTree = BUILT_PRODUCTS_DIR; };
		63F0C6CB28458C23009D398F /* Assets.xcassets */ = {isa = PBXFileReference; lastKnownFileType = folder.assetcatalog; path = Assets.xcassets; sourceTree = "<group>"; };
		63F0C6CE28458CF2009D398F /* Color+Extension.swift */ = {isa = PBXFileReference; lastKnownFileType = sourcecode.swift; path = "Color+Extension.swift"; sourceTree = "<group>"; };
		63F30A592852B7C800EF3DC1 /* UIApplication.swift */ = {isa = PBXFileReference; lastKnownFileType = sourcecode.swift; path = UIApplication.swift; sourceTree = "<group>"; };
/* End PBXFileReference section */

/* Begin PBXFrameworksBuildPhase section */
		63F0C68B28458905009D398F /* Frameworks */ = {
			isa = PBXFrameworksBuildPhase;
			buildActionMask = 2147483647;
			files = (
			);
			runOnlyForDeploymentPostprocessing = 0;
		};
/* End PBXFrameworksBuildPhase section */

/* Begin PBXGroup section */
		630A93A22851493800545D03 /* Utilities */ = {
			isa = PBXGroup;
			children = (
			);
			path = Utilities;
			sourceTree = "<group>";
		};
		630A93A528516DCD00545D03 /* CoinImages */ = {
			isa = PBXGroup;
			children = (
				630A93A628516DE300545D03 /* CoinImageView.swift */,
				630A93AA2851714100545D03 /* CoinImageViewModel.swift */,
				631408FE28594AF100CDA0FE /* CoinLogoView.swift */,
			);
			path = CoinImages;
			sourceTree = "<group>";
		};
		630A93AC28517C3C00545D03 /* Managers */ = {
			isa = PBXGroup;
			children = (
				630A93A32851494700545D03 /* NetworkManager.swift */,
				630A93AD28517C4B00545D03 /* LocalFileManager.swift */,
				639F413F285C06A500FCA31F /* HapticManager.swift */,
			);
			path = Managers;
			sourceTree = "<group>";
		};
		6331A2422848203500843475 /* Core */ = {
			isa = PBXGroup;
			children = (
				6331A248284821BB00843475 /* Components */,
				6331A2432848204100843475 /* Home */,
				63361D552862DC67007F33BC /* Detail */,
			);
			path = Core;
			sourceTree = "<group>";
		};
		6331A2432848204100843475 /* Home */ = {
			isa = PBXGroup;
			children = (
				6331A2442848204B00843475 /* Views */,
				6331A2452848205000843475 /* ViewModels */,
			);
			path = Home;
			sourceTree = "<group>";
		};
		6331A2442848204B00843475 /* Views */ = {
			isa = PBXGroup;
			children = (
				6331A2462848207100843475 /* HomeView.swift */,
				6331A2512849585100843475 /* CoinRowView.swift */,
				6303CD412853EA6A0028BFB0 /* HomeStatisticsView.swift */,
				63D5639C28585979008907C2 /* PortofolioView.swift */,
			);
			path = Views;
			sourceTree = "<group>";
		};
		6331A2452848205000843475 /* ViewModels */ = {
			isa = PBXGroup;
			children = (
				6331A2592849D01A00843475 /* HomeViewModel.swift */,
			);
			path = ViewModels;
			sourceTree = "<group>";
		};
		6331A248284821BB00843475 /* Components */ = {
			isa = PBXGroup;
			children = (
				63DBC9492852B35800D1A769 /* SearchBarView.swift */,
				6303CD3F2853E2DB0028BFB0 /* StatisticView.swift */,
				631408FC285942FD00CDA0FE /* XMarkButton.swift */,
				630A93A528516DCD00545D03 /* CoinImages */,
				6331A249284821CE00843475 /* CircleButton */,
			);
			path = Components;
			sourceTree = "<group>";
		};
		6331A249284821CE00843475 /* CircleButton */ = {
			isa = PBXGroup;
			children = (
				6331A24A284821DC00843475 /* CircleButtonView.swift */,
				6331A24C284826FD00843475 /* CircleButtonAnimationView.swift */,
			);
			path = CircleButton;
			sourceTree = "<group>";
		};
		6331A24E284891FC00843475 /* Models */ = {
			isa = PBXGroup;
			children = (
				6331A24F2848921B00843475 /* Coin.swift */,
				6300FC1928640A5B00FEB46F /* CoinDetail.swift */,
				6303CD3D2853E2000028BFB0 /* Statistic.swift */,
				63D56398285811F1008907C2 /* MarketData.swift */,
				631409022859AEC000CDA0FE /* PortofolioContainer.xcdatamodeld */,
			);
			path = Models;
			sourceTree = "<group>";
		};
		6331A25B2849E29300843475 /* Services */ = {
			isa = PBXGroup;
			children = (
				630A93AC28517C3C00545D03 /* Managers */,
				6331A25C2849E2A100843475 /* CoinDataService.swift */,
				6300FC1F28640B6000FEB46F /* CoinDetailDataService.swift */,
				630A93A828516F7C00545D03 /* ImageService.swift */,
				63D5639A28581407008907C2 /* MarketDataService.swift */,
				631409052859AF5700CDA0FE /* PortofolioDataService.swift */,
			);
			path = Services;
			sourceTree = "<group>";
		};
		63361D552862DC67007F33BC /* Detail */ = {
			isa = PBXGroup;
			children = (
				63361D562862DC83007F33BC /* Views */,
				63361D572862DC88007F33BC /* ViewModel */,
			);
			path = Detail;
			sourceTree = "<group>";
		};
		63361D562862DC83007F33BC /* Views */ = {
			isa = PBXGroup;
			children = (
				63361D582862DC9D007F33BC /* DetailView.swift */,
			);
			path = Views;
			sourceTree = "<group>";
		};
		63361D572862DC88007F33BC /* ViewModel */ = {
			isa = PBXGroup;
			children = (
				6300FC1D28640B2900FEB46F /* DetailViewModel.swift */,
			);
			path = ViewModel;
			sourceTree = "<group>";
		};
		63F0C68128458903009D398F = {
			isa = PBXGroup;
			children = (
				63F0C68628458903009D398F /* CriptoApp */,
				63F0C68F28458905009D398F /* Products */,
			);
			sourceTree = "<group>";
		};
		63F0C68628458903009D398F /* CriptoApp */ = {
			isa = PBXGroup;
			children = (
				63F0C68728458903009D398F /* CriptoAppApp.swift */,
				630A93A22851493800545D03 /* Utilities */,
				6331A25B2849E29300843475 /* Services */,
				6331A24E284891FC00843475 /* Models */,
				6331A2422848203500843475 /* Core */,
				63F0C6CD28458CE3009D398F /* Extensions */,
				63F0C6CB28458C23009D398F /* Assets.xcassets */,
			);
			path = CriptoApp;
			sourceTree = "<group>";
		};
		63F0C68F28458905009D398F /* Products */ = {
			isa = PBXGroup;
			children = (
				63F0C68E28458905009D398F /* Cripto Tracker.app */,
			);
			name = Products;
			sourceTree = "<group>";
		};
		63F0C6CD28458CE3009D398F /* Extensions */ = {
			isa = PBXGroup;
			children = (
				63F30A592852B7C800EF3DC1 /* UIApplication.swift */,
				6331A2572849A56000843475 /* View+Extension.swift */,
				63F0C6CE28458CF2009D398F /* Color+Extension.swift */,
				6331A25528496D3E00843475 /* Double+Extension.swift */,
				6300FC1B28640A9700FEB46F /* String+Extension.swift */,
				6331A253284958AF00843475 /* PreviewProvider+Extension.swift */,
			);
			path = Extensions;
			sourceTree = "<group>";
		};
/* End PBXGroup section */

/* Begin PBXNativeTarget section */
		63F0C68D28458905009D398F /* CriptoApp (iOS) */ = {
			isa = PBXNativeTarget;
			buildConfigurationList = 63F0C69F28458905009D398F /* Build configuration list for PBXNativeTarget "CriptoApp (iOS)" */;
			buildPhases = (
				63F0C68A28458905009D398F /* Sources */,
				63F0C68B28458905009D398F /* Frameworks */,
				63F0C68C28458905009D398F /* Resources */,
			);
			buildRules = (
			);
			dependencies = (
			);
			name = "CriptoApp (iOS)";
			productName = "CriptoApp (iOS)";
			productReference = 63F0C68E28458905009D398F /* Cripto Tracker.app */;
			productType = "com.apple.product-type.application";
		};
/* End PBXNativeTarget section */

/* Begin PBXProject section */
		63F0C68228458903009D398F /* Project object */ = {
			isa = PBXProject;
			attributes = {
				BuildIndependentTargetsInParallel = 1;
				LastSwiftUpdateCheck = 1340;
				LastUpgradeCheck = 1340;
				TargetAttributes = {
					63F0C68D28458905009D398F = {
						CreatedOnToolsVersion = 13.4;
					};
				};
			};
			buildConfigurationList = 63F0C68528458903009D398F /* Build configuration list for PBXProject "CriptoApp" */;
			compatibilityVersion = "Xcode 13.0";
			developmentRegion = en;
			hasScannedForEncodings = 0;
			knownRegions = (
				en,
				Base,
			);
			mainGroup = 63F0C68128458903009D398F;
			productRefGroup = 63F0C68F28458905009D398F /* Products */;
			projectDirPath = "";
			projectRoot = "";
			targets = (
				63F0C68D28458905009D398F /* CriptoApp (iOS) */,
			);
		};
/* End PBXProject section */

/* Begin PBXResourcesBuildPhase section */
		63F0C68C28458905009D398F /* Resources */ = {
			isa = PBXResourcesBuildPhase;
			buildActionMask = 2147483647;
			files = (
				63F0C6CC28458C23009D398F /* Assets.xcassets in Resources */,
			);
			runOnlyForDeploymentPostprocessing = 0;
		};
/* End PBXResourcesBuildPhase section */

/* Begin PBXSourcesBuildPhase section */
		63F0C68A28458905009D398F /* Sources */ = {
			isa = PBXSourcesBuildPhase;
			buildActionMask = 2147483647;
			files = (
				631409042859AEC000CDA0FE /* PortofolioContainer.xcdatamodeld in Sources */,
				6303CD422853EA6A0028BFB0 /* HomeStatisticsView.swift in Sources */,
				6331A2522849585100843475 /* CoinRowView.swift in Sources */,
				630A93A42851494700545D03 /* NetworkManager.swift in Sources */,
				630A93A728516DE300545D03 /* CoinImageView.swift in Sources */,
				6331A24B284821DC00843475 /* CircleButtonView.swift in Sources */,
				631408FD285942FD00CDA0FE /* XMarkButton.swift in Sources */,
				63DBC94A2852B35800D1A769 /* SearchBarView.swift in Sources */,
				630A93AE28517C4B00545D03 /* LocalFileManager.swift in Sources */,
				6331A2472848207100843475 /* HomeView.swift in Sources */,
				6331A254284958AF00843475 /* PreviewProvider+Extension.swift in Sources */,
				63F0C69728458905009D398F /* CriptoAppApp.swift in Sources */,
				6300FC1C28640A9700FEB46F /* String+Extension.swift in Sources */,
				630A93A928516F7C00545D03 /* ImageService.swift in Sources */,
				63D5639B28581407008907C2 /* MarketDataService.swift in Sources */,
				6303CD402853E2DB0028BFB0 /* StatisticView.swift in Sources */,
				63F0C6CF28458CF2009D398F /* Color+Extension.swift in Sources */,
				6331A2582849A56000843475 /* View+Extension.swift in Sources */,
				6331A25628496D3E00843475 /* Double+Extension.swift in Sources */,
				63D56399285811F1008907C2 /* MarketData.swift in Sources */,
				63D5639D28585979008907C2 /* PortofolioView.swift in Sources */,
				630A93AB2851714100545D03 /* CoinImageViewModel.swift in Sources */,
				6331A25D2849E2A100843475 /* CoinDataService.swift in Sources */,
				63361D592862DC9D007F33BC /* DetailView.swift in Sources */,
				639F4140285C06A500FCA31F /* HapticManager.swift in Sources */,
				631409062859AF5700CDA0FE /* PortofolioDataService.swift in Sources */,
				6300FC2028640B6000FEB46F /* CoinDetailDataService.swift in Sources */,
				63F30A5A2852B7C800EF3DC1 /* UIApplication.swift in Sources */,
				631408FF28594AF100CDA0FE /* CoinLogoView.swift in Sources */,
				6331A24D284826FD00843475 /* CircleButtonAnimationView.swift in Sources */,
				6300FC1E28640B2900FEB46F /* DetailViewModel.swift in Sources */,
				6331A25A2849D01A00843475 /* HomeViewModel.swift in Sources */,
				6300FC1A28640A5B00FEB46F /* CoinDetail.swift in Sources */,
				6331A2502848921B00843475 /* Coin.swift in Sources */,
				6303CD3E2853E2000028BFB0 /* Statistic.swift in Sources */,
			);
			runOnlyForDeploymentPostprocessing = 0;
		};
/* End PBXSourcesBuildPhase section */

/* Begin XCBuildConfiguration section */
		63F0C69D28458905009D398F /* Debug */ = {
			isa = XCBuildConfiguration;
			buildSettings = {
				ALWAYS_SEARCH_USER_PATHS = NO;
				CLANG_ANALYZER_NONNULL = YES;
				CLANG_ANALYZER_NUMBER_OBJECT_CONVERSION = YES_AGGRESSIVE;
				CLANG_CXX_LANGUAGE_STANDARD = "gnu++17";
				CLANG_ENABLE_MODULES = YES;
				CLANG_ENABLE_OBJC_ARC = YES;
				CLANG_ENABLE_OBJC_WEAK = YES;
				CLANG_WARN_BLOCK_CAPTURE_AUTORELEASING = YES;
				CLANG_WARN_BOOL_CONVERSION = YES;
				CLANG_WARN_COMMA = YES;
				CLANG_WARN_CONSTANT_CONVERSION = YES;
				CLANG_WARN_DEPRECATED_OBJC_IMPLEMENTATIONS = YES;
				CLANG_WARN_DIRECT_OBJC_ISA_USAGE = YES_ERROR;
				CLANG_WARN_DOCUMENTATION_COMMENTS = YES;
				CLANG_WARN_EMPTY_BODY = YES;
				CLANG_WARN_ENUM_CONVERSION = YES;
				CLANG_WARN_INFINITE_RECURSION = YES;
				CLANG_WARN_INT_CONVERSION = YES;
				CLANG_WARN_NON_LITERAL_NULL_CONVERSION = YES;
				CLANG_WARN_OBJC_IMPLICIT_RETAIN_SELF = YES;
				CLANG_WARN_OBJC_LITERAL_CONVERSION = YES;
				CLANG_WARN_OBJC_ROOT_CLASS = YES_ERROR;
				CLANG_WARN_QUOTED_INCLUDE_IN_FRAMEWORK_HEADER = YES;
				CLANG_WARN_RANGE_LOOP_ANALYSIS = YES;
				CLANG_WARN_STRICT_PROTOTYPES = YES;
				CLANG_WARN_SUSPICIOUS_MOVE = YES;
				CLANG_WARN_UNGUARDED_AVAILABILITY = YES_AGGRESSIVE;
				CLANG_WARN_UNREACHABLE_CODE = YES;
				CLANG_WARN__DUPLICATE_METHOD_MATCH = YES;
				COPY_PHASE_STRIP = NO;
				DEBUG_INFORMATION_FORMAT = dwarf;
				ENABLE_STRICT_OBJC_MSGSEND = YES;
				ENABLE_TESTABILITY = YES;
				GCC_C_LANGUAGE_STANDARD = gnu11;
				GCC_DYNAMIC_NO_PIC = NO;
				GCC_NO_COMMON_BLOCKS = YES;
				GCC_OPTIMIZATION_LEVEL = 0;
				GCC_PREPROCESSOR_DEFINITIONS = (
					"DEBUG=1",
					"$(inherited)",
				);
				GCC_WARN_64_TO_32_BIT_CONVERSION = YES;
				GCC_WARN_ABOUT_RETURN_TYPE = YES_ERROR;
				GCC_WARN_UNDECLARED_SELECTOR = YES;
				GCC_WARN_UNINITIALIZED_AUTOS = YES_AGGRESSIVE;
				GCC_WARN_UNUSED_FUNCTION = YES;
				GCC_WARN_UNUSED_VARIABLE = YES;
				MTL_ENABLE_DEBUG_INFO = INCLUDE_SOURCE;
				MTL_FAST_MATH = YES;
				ONLY_ACTIVE_ARCH = YES;
				SWIFT_ACTIVE_COMPILATION_CONDITIONS = DEBUG;
				SWIFT_OPTIMIZATION_LEVEL = "-Onone";
			};
			name = Debug;
		};
		63F0C69E28458905009D398F /* Release */ = {
			isa = XCBuildConfiguration;
			buildSettings = {
				ALWAYS_SEARCH_USER_PATHS = NO;
				CLANG_ANALYZER_NONNULL = YES;
				CLANG_ANALYZER_NUMBER_OBJECT_CONVERSION = YES_AGGRESSIVE;
				CLANG_CXX_LANGUAGE_STANDARD = "gnu++17";
				CLANG_ENABLE_MODULES = YES;
				CLANG_ENABLE_OBJC_ARC = YES;
				CLANG_ENABLE_OBJC_WEAK = YES;
				CLANG_WARN_BLOCK_CAPTURE_AUTORELEASING = YES;
				CLANG_WARN_BOOL_CONVERSION = YES;
				CLANG_WARN_COMMA = YES;
				CLANG_WARN_CONSTANT_CONVERSION = YES;
				CLANG_WARN_DEPRECATED_OBJC_IMPLEMENTATIONS = YES;
				CLANG_WARN_DIRECT_OBJC_ISA_USAGE = YES_ERROR;
				CLANG_WARN_DOCUMENTATION_COMMENTS = YES;
				CLANG_WARN_EMPTY_BODY = YES;
				CLANG_WARN_ENUM_CONVERSION = YES;
				CLANG_WARN_INFINITE_RECURSION = YES;
				CLANG_WARN_INT_CONVERSION = YES;
				CLANG_WARN_NON_LITERAL_NULL_CONVERSION = YES;
				CLANG_WARN_OBJC_IMPLICIT_RETAIN_SELF = YES;
				CLANG_WARN_OBJC_LITERAL_CONVERSION = YES;
				CLANG_WARN_OBJC_ROOT_CLASS = YES_ERROR;
				CLANG_WARN_QUOTED_INCLUDE_IN_FRAMEWORK_HEADER = YES;
				CLANG_WARN_RANGE_LOOP_ANALYSIS = YES;
				CLANG_WARN_STRICT_PROTOTYPES = YES;
				CLANG_WARN_SUSPICIOUS_MOVE = YES;
				CLANG_WARN_UNGUARDED_AVAILABILITY = YES_AGGRESSIVE;
				CLANG_WARN_UNREACHABLE_CODE = YES;
				CLANG_WARN__DUPLICATE_METHOD_MATCH = YES;
				COPY_PHASE_STRIP = NO;
				DEBUG_INFORMATION_FORMAT = "dwarf-with-dsym";
				ENABLE_NS_ASSERTIONS = NO;
				ENABLE_STRICT_OBJC_MSGSEND = YES;
				GCC_C_LANGUAGE_STANDARD = gnu11;
				GCC_NO_COMMON_BLOCKS = YES;
				GCC_WARN_64_TO_32_BIT_CONVERSION = YES;
				GCC_WARN_ABOUT_RETURN_TYPE = YES_ERROR;
				GCC_WARN_UNDECLARED_SELECTOR = YES;
				GCC_WARN_UNINITIALIZED_AUTOS = YES_AGGRESSIVE;
				GCC_WARN_UNUSED_FUNCTION = YES;
				GCC_WARN_UNUSED_VARIABLE = YES;
				MTL_ENABLE_DEBUG_INFO = NO;
				MTL_FAST_MATH = YES;
				SWIFT_COMPILATION_MODE = wholemodule;
				SWIFT_OPTIMIZATION_LEVEL = "-O";
			};
			name = Release;
		};
		63F0C6A028458905009D398F /* Debug */ = {
			isa = XCBuildConfiguration;
			buildSettings = {
				ASSETCATALOG_COMPILER_APPICON_NAME = AppIcon;
				ASSETCATALOG_COMPILER_GLOBAL_ACCENT_COLOR_NAME = AccentColor;
				CODE_SIGN_STYLE = Automatic;
				CURRENT_PROJECT_VERSION = 1;
				DEVELOPMENT_TEAM = ZUR5ZX8THW;
				ENABLE_PREVIEWS = YES;
				GENERATE_INFOPLIST_FILE = YES;
				INFOPLIST_KEY_UIApplicationSceneManifest_Generation = YES;
				INFOPLIST_KEY_UIApplicationSupportsIndirectInputEvents = YES;
				INFOPLIST_KEY_UILaunchScreen_Generation = YES;
				INFOPLIST_KEY_UISupportedInterfaceOrientations = UIInterfaceOrientationPortrait;
				INFOPLIST_KEY_UISupportedInterfaceOrientations_iPad = "UIInterfaceOrientationPortrait UIInterfaceOrientationPortraitUpsideDown UIInterfaceOrientationLandscapeLeft UIInterfaceOrientationLandscapeRight";
				INFOPLIST_KEY_UISupportedInterfaceOrientations_iPhone = "UIInterfaceOrientationPortrait UIInterfaceOrientationLandscapeLeft UIInterfaceOrientationLandscapeRight";
				IPHONEOS_DEPLOYMENT_TARGET = 15.5;
				LD_RUNPATH_SEARCH_PATHS = (
					"$(inherited)",
					"@executable_path/Frameworks",
				);
				MARKETING_VERSION = 1.0;
				PRODUCT_BUNDLE_IDENTIFIER = com.nexendev.CriptoApp;
				PRODUCT_NAME = "Cripto Tracker";
				SDKROOT = iphoneos;
				SWIFT_EMIT_LOC_STRINGS = YES;
				SWIFT_VERSION = 5.0;
				TARGETED_DEVICE_FAMILY = "1,2";
			};
			name = Debug;
		};
		63F0C6A128458905009D398F /* Release */ = {
			isa = XCBuildConfiguration;
			buildSettings = {
				ASSETCATALOG_COMPILER_APPICON_NAME = AppIcon;
				ASSETCATALOG_COMPILER_GLOBAL_ACCENT_COLOR_NAME = AccentColor;
				CODE_SIGN_STYLE = Automatic;
				CURRENT_PROJECT_VERSION = 1;
				DEVELOPMENT_TEAM = ZUR5ZX8THW;
				ENABLE_PREVIEWS = YES;
				GENERATE_INFOPLIST_FILE = YES;
				INFOPLIST_KEY_UIApplicationSceneManifest_Generation = YES;
				INFOPLIST_KEY_UIApplicationSupportsIndirectInputEvents = YES;
				INFOPLIST_KEY_UILaunchScreen_Generation = YES;
				INFOPLIST_KEY_UISupportedInterfaceOrientations = UIInterfaceOrientationPortrait;
				INFOPLIST_KEY_UISupportedInterfaceOrientations_iPad = "UIInterfaceOrientationPortrait UIInterfaceOrientationPortraitUpsideDown UIInterfaceOrientationLandscapeLeft UIInterfaceOrientationLandscapeRight";
				INFOPLIST_KEY_UISupportedInterfaceOrientations_iPhone = "UIInterfaceOrientationPortrait UIInterfaceOrientationLandscapeLeft UIInterfaceOrientationLandscapeRight";
				IPHONEOS_DEPLOYMENT_TARGET = 15.5;
				LD_RUNPATH_SEARCH_PATHS = (
					"$(inherited)",
					"@executable_path/Frameworks",
				);
				MARKETING_VERSION = 1.0;
				PRODUCT_BUNDLE_IDENTIFIER = com.nexendev.CriptoApp;
				PRODUCT_NAME = "Cripto Tracker";
				SDKROOT = iphoneos;
				SWIFT_EMIT_LOC_STRINGS = YES;
				SWIFT_VERSION = 5.0;
				TARGETED_DEVICE_FAMILY = "1,2";
				VALIDATE_PRODUCT = YES;
			};
			name = Release;
		};
/* End XCBuildConfiguration section */

/* Begin XCConfigurationList section */
		63F0C68528458903009D398F /* Build configuration list for PBXProject "CriptoApp" */ = {
			isa = XCConfigurationList;
			buildConfigurations = (
				63F0C69D28458905009D398F /* Debug */,
				63F0C69E28458905009D398F /* Release */,
			);
			defaultConfigurationIsVisible = 0;
			defaultConfigurationName = Release;
		};
		63F0C69F28458905009D398F /* Build configuration list for PBXNativeTarget "CriptoApp (iOS)" */ = {
			isa = XCConfigurationList;
			buildConfigurations = (
				63F0C6A028458905009D398F /* Debug */,
				63F0C6A128458905009D398F /* Release */,
			);
			defaultConfigurationIsVisible = 0;
			defaultConfigurationName = Release;
		};
/* End XCConfigurationList section */

/* Begin XCVersionGroup section */
		631409022859AEC000CDA0FE /* PortofolioContainer.xcdatamodeld */ = {
			isa = XCVersionGroup;
			children = (
				631409032859AEC000CDA0FE /* PortofolioContainer.xcdatamodel */,
			);
			currentVersion = 631409032859AEC000CDA0FE /* PortofolioContainer.xcdatamodel */;
			path = PortofolioContainer.xcdatamodeld;
			sourceTree = "<group>";
			versionGroupType = wrapper.xcdatamodel;
		};
/* End XCVersionGroup section */
	};
	rootObject = 63F0C68228458903009D398F /* Project object */;
}
